
Microsoft Visual Studio Solution File, Format Version 12.00
# Visual Studio Version 17
VisualStudioVersion = 17.0.31903.59
MinimumVisualStudioVersion = 10.0.40219.1
Project("{FAE04EC0-301F-11D3-BF4B-00C04F79EFBC}") = "Core", "Core\Core.csproj", "{598FC174-8140-4434-8DB3-9816751A9519}"
EndProject
Project("{FAE04EC0-301F-11D3-BF4B-00C04F79EFBC}") = "ConsoleApp", "ConsoleApp\ConsoleApp.csproj", "{68FDA475-9270-4C97-BC46-08CA62CE1C1B}"
EndProject
Global
	GlobalSection(SolutionConfigurationPlatforms) = preSolution
		Debug|Any CPU = Debug|Any CPU
		Debug|x64 = Debug|x64
		Debug|x86 = Debug|x86
		Release|Any CPU = Release|Any CPU
		Release|x64 = Release|x64
		Release|x86 = Release|x86
	EndGlobalSection
	GlobalSection(ProjectConfigurationPlatforms) = postSolution
		{598FC174-8140-4434-8DB3-9816751A9519}.Debug|Any CPU.ActiveCfg = Debug|Any CPU
		{598FC174-8140-4434-8DB3-9816751A9519}.Debug|Any CPU.Build.0 = Debug|Any CPU
		{598FC174-8140-4434-8DB3-9816751A9519}.Debug|x64.ActiveCfg = Debug|Any CPU
		{598FC174-8140-4434-8DB3-9816751A9519}.Debug|x64.Build.0 = Debug|Any CPU
		{598FC174-8140-4434-8DB3-9816751A9519}.Debug|x86.ActiveCfg = Debug|Any CPU
		{598FC174-8140-4434-8DB3-9816751A9519}.Debug|x86.Build.0 = Debug|Any CPU
		{598FC174-8140-4434-8DB3-9816751A9519}.Release|Any CPU.ActiveCfg = Release|Any CPU
		{598FC174-8140-4434-8DB3-9816751A9519}.Release|Any CPU.Build.0 = Release|Any CPU
		{598FC174-8140-4434-8DB3-9816751A9519}.Release|x64.ActiveCfg = Release|Any CPU
		{598FC174-8140-4434-8DB3-9816751A9519}.Release|x64.Build.0 = Release|Any CPU
		{598FC174-8140-4434-8DB3-9816751A9519}.Release|x86.ActiveCfg = Release|Any CPU
		{598FC174-8140-4434-8DB3-9816751A9519}.Release|x86.Build.0 = Release|Any CPU
		{68FDA475-9270-4C97-BC46-08CA62CE1C1B}.Debug|Any CPU.ActiveCfg = Debug|Any CPU
		{68FDA475-9270-4C97-BC46-08CA62CE1C1B}.Debug|Any CPU.Build.0 = Debug|Any CPU
		{68FDA475-9270-4C97-BC46-08CA62CE1C1B}.Debug|x64.ActiveCfg = Debug|Any CPU
		{68FDA475-9270-4C97-BC46-08CA62CE1C1B}.Debug|x64.Build.0 = Debug|Any CPU
		{68FDA475-9270-4C97-BC46-08CA62CE1C1B}.Debug|x86.ActiveCfg = Debug|Any CPU
		{68FDA475-9270-4C97-BC46-08CA62CE1C1B}.Debug|x86.Build.0 = Debug|Any CPU
		{68FDA475-9270-4C97-BC46-08CA62CE1C1B}.Release|Any CPU.ActiveCfg = Release|Any CPU
		{68FDA475-9270-4C97-BC46-08CA62CE1C1B}.Release|Any CPU.Build.0 = Release|Any CPU
		{68FDA475-9270-4C97-BC46-08CA62CE1C1B}.Release|x64.ActiveCfg = Release|Any CPU
		{68FDA475-9270-4C97-BC46-08CA62CE1C1B}.Release|x64.Build.0 = Release|Any CPU
		{68FDA475-9270-4C97-BC46-08CA62CE1C1B}.Release|x86.ActiveCfg = Release|Any CPU
		{68FDA475-9270-4C97-BC46-08CA62CE1C1B}.Release|x86.Build.0 = Release|Any CPU
	EndGlobalSection
	GlobalSection(SolutionProperties) = preSolution
		HideSolutionNode = FALSE
	EndGlobalSection
EndGlobal
